{
    "_readme": [
        "This file locks the dependencies of your project to a known state",
        "Read more about it at https://getcomposer.org/doc/01-basic-usage.md#installing-dependencies",
        "This file is @generated automatically"
    ],
    "content-hash": "3391e11e8a7bfb6e377fcb4c0cfbb0f7",
    "packages": [
        {
            "name": "paypal/sdk-core-php",
            "version": "3.4.0",
            "source": {
                "type": "git",
                "url": "https://github.com/paypal/sdk-core-php.git",
                "reference": "d2174f69f9811a8f2e79af7498fdf89586457d76"
            },
            "dist": {
                "type": "zip",
                "url": "https://api.github.com/repos/paypal/sdk-core-php/zipball/d2174f69f9811a8f2e79af7498fdf89586457d76",
                "reference": "d2174f69f9811a8f2e79af7498fdf89586457d76",
                "shasum": ""
            },
            "require": {
                "ext-curl": "*",
                "php": ">=5.3.0"
            },
            "require-dev": {
                "phpunit/phpunit": "3.7.*"
            },
            "type": "library",
            "autoload": {
                "psr-0": {
                    "PayPal": "lib/"
                }
            },
            "notification-url": "https://packagist.org/downloads/",
            "license": [
                "Apache-2.0"
            ],
            "authors": [
                {
                    "name": "PayPal",
                    "homepage": "https://github.com/paypal/sdk-core-php/contributors"
                }
            ],
            "description": "PayPal Core SDK for PHP",
            "homepage": "https://github.com/paypal/sdk-core-php",
            "keywords": [
                "paypal",
                "php",
                "sdk"
            ],
            "abandoned": true,
            "time": "2017-11-13T18:53:13+00:00"
        }
    ],
    "packages-dev": [],
    "aliases": [],
    "minimum-stability": "stable",
    "stability-flags": [],
    "prefer-stable": false,
    "prefer-lowest": false,
    "platform": {
        "php": ">=5.3.0",
        "ext-curl": "*"
    },
    "platform-dev": [],
    "plugin-api-version": "1.1.0"
}
